{"SurveyEntry":{"SurveyID":"SV_4OtVhzfa1VmZ2Ad","SurveyName":"Sample Survey","SurveyDescription":null,"SurveyOwnerID":"UR_8kzO7vEaBPWnAB7","SurveyBrandID":"tufts","DivisionID":null,"SurveyLanguage":"EN","SurveyActiveResponseSet":"RS_e52Kls5MnGXtujb","SurveyStatus":"Active","SurveyStartDate":"0000-00-00 00:00:00","SurveyExpirationDate":"0000-00-00 00:00:00","SurveyCreationDate":"2016-01-26 13:55:15","CreatorID":"UR_8kzO7vEaBPWnAB7","LastModified":"2016-02-02 13:06:17","LastAccessed":"0000-00-00 00:00:00","LastActivated":"2016-01-26 13:56:04","Deleted":null},"SurveyElements":[{"SurveyID":"SV_4OtVhzfa1VmZ2Ad","Element":"BL","PrimaryAttribute":"Survey Blocks","SecondaryAttribute":null,"TertiaryAttribute":null,"Payload":[{"Type":"Default","Description":"Default Question Block","ID":"BL_0cjm4TKKF5D0Mzr","BlockElements":[{"Type":"Question","QuestionID":"QID1"}]},{"Type":"Trash","Description":"Trash \/ Unused Questions","ID":"BL_bfqnQSIqZzQXPyl"}]},{"SurveyID":"SV_4OtVhzfa1VmZ2Ad","Element":"FL","PrimaryAttribute":"Survey Flow","SecondaryAttribute":null,"TertiaryAttribute":null,"Payload":{"Flow":[{"ID":"BL_0cjm4TKKF5D0Mzr","Type":"Block","FlowID":"FL_2"}],"Properties":{"Count":2},"FlowID":"FL_1","Type":"Root"}},{"SurveyID":"SV_4OtVhzfa1VmZ2Ad","Element":"SO","PrimaryAttribute":"Survey Options","SecondaryAttribute":null,"TertiaryAttribute":null,"Payload":{"BackButton":"false","SaveAndContinue":"true","SurveyProtection":"PublicSurvey","BallotBoxStuffingPrevention":"false","NoIndex":"Yes","SurveyExpiration":"None","SurveyTermination":"DefaultMessage","Header":"","Footer":"","ProgressBarDisplay":"None","PartialData":"+1 week","ValidationMessage":"","PreviousButton":"  <<  ","NextButton":"  >>  ","SkinLibrary":"tufts","SkinType":"MQ","Skin":"tufts1","NewScoring":1}},{"SurveyID":"SV_4OtVhzfa1VmZ2Ad","Element":"SCO","PrimaryAttribute":"Scoring","SecondaryAttribute":null,"TertiaryAttribute":null,"Payload":{"ScoringCategories":[],"ScoringCategoryGroups":[],"ScoringSummaryCategory":null,"ScoringSummaryAfterQuestions":0,"ScoringSummaryAfterSurvey":0,"DefaultScoringCategory":null,"AutoScoringCategory":null}},{"SurveyID":"SV_4OtVhzfa1VmZ2Ad","Element":"STAT","PrimaryAttribute":"Survey Statistics","SecondaryAttribute":null,"TertiaryAttribute":null,"Payload":{"MobileCompatible":true,"ID":"Survey Statistics"}},{"SurveyID":"SV_4OtVhzfa1VmZ2Ad","Element":"QC","PrimaryAttribute":"Survey Question Count","SecondaryAttribute":"1","TertiaryAttribute":null,"Payload":null},{"SurveyID":"SV_4OtVhzfa1VmZ2Ad","Element":"RS","PrimaryAttribute":"RS_e52Kls5MnGXtujb","SecondaryAttribute":"Default Response Set","TertiaryAttribute":null,"Payload":null},{"SurveyID":"SV_4OtVhzfa1VmZ2Ad","Element":"SQ","PrimaryAttribute":"QID1","SecondaryAttribute":"Question Text Goes Here","TertiaryAttribute":null,"Payload":{"QuestionText":"Question Text Goes Here","DataExportTag":"Q1","QuestionType":"MC","Selector":"SAVR","SubSelector":"TX","Configuration":{"QuestionDescriptionOption":"UseText"},"QuestionDescription":"Question Text Goes Here","Choices":{"1":{"Display":"Choice 1"},"2":{"Display":"Choice 2"},"3":{"Display":"Choice 3"}},"ChoiceOrder":["1","2","3"],"Validation":{"Settings":{"ForceResponse":"OFF","ForceResponseType":"ON","Type":"None"}},"Language":[],"QuestionID":"QID1"}}]}