{"SurveyEntry":{"SurveyID":"SV_79yR5qcrBoQ01P7","SurveyName":"Sample Survey","SurveyDescription":null,"SurveyOwnerID":"UR_8kzO7vEaBPWnAB7","SurveyBrandID":"tufts","DivisionID":null,"SurveyLanguage":"EN","SurveyActiveResponseSet":"RS_3IfOXsP6yWEZvkV","SurveyStatus":"Active","SurveyStartDate":"0000-00-00 00:00:00","SurveyExpirationDate":"0000-00-00 00:00:00","SurveyCreationDate":"2016-02-10 13:01:06","CreatorID":"UR_8kzO7vEaBPWnAB7","LastModified":"2016-02-10 14:02:27","LastAccessed":"0000-00-00 00:00:00","LastActivated":"2016-02-10 14:02:27","Deleted":null},"SurveyElements":[{"SurveyID":"SV_79yR5qcrBoQ01P7","Element":"BL","PrimaryAttribute":"Survey Blocks","SecondaryAttribute":null,"TertiaryAttribute":null,"Payload":[{"Type":"Default","Description":"Default Question Block","ID":"BL_1AMftOZvWBTAVEx","BlockElements":[{"Type":"Question","QuestionID":"QID1"},{"Type":"Question","QuestionID":"QID2"},{"Type":"Question","QuestionID":"QID3"}]},{"Type":"Trash","Description":"Trash \/ Unused Questions","ID":"BL_eOHRtKYoRnXXyM5","BlockElements":[{"Type":"Question","QuestionID":"QID4"}]}]},{"SurveyID":"SV_79yR5qcrBoQ01P7","Element":"FL","PrimaryAttribute":"Survey Flow","SecondaryAttribute":null,"TertiaryAttribute":null,"Payload":{"Flow":[{"ID":"BL_1AMftOZvWBTAVEx","Type":"Block","FlowID":"FL_2"}],"Properties":{"Count":2},"FlowID":"FL_1","Type":"Root"}},{"SurveyID":"SV_79yR5qcrBoQ01P7","Element":"SO","PrimaryAttribute":"Survey Options","SecondaryAttribute":null,"TertiaryAttribute":null,"Payload":{"BackButton":"false","SaveAndContinue":"true","SurveyProtection":"PublicSurvey","BallotBoxStuffingPrevention":"false","NoIndex":"Yes","SurveyExpiration":"None","SurveyTermination":"DefaultMessage","Header":"","Footer":"","ProgressBarDisplay":"None","PartialData":"+1 week","ValidationMessage":"","PreviousButton":"  <<  ","NextButton":"  >>  ","SkinLibrary":"tufts","SkinType":"MQ","Skin":"tufts1","NewScoring":1}},{"SurveyID":"SV_79yR5qcrBoQ01P7","Element":"SCO","PrimaryAttribute":"Scoring","SecondaryAttribute":null,"TertiaryAttribute":null,"Payload":{"ScoringCategories":[],"ScoringCategoryGroups":[],"ScoringSummaryCategory":null,"ScoringSummaryAfterQuestions":0,"ScoringSummaryAfterSurvey":0,"DefaultScoringCategory":null,"AutoScoringCategory":null}},{"SurveyID":"SV_79yR5qcrBoQ01P7","Element":"STAT","PrimaryAttribute":"Survey Statistics","SecondaryAttribute":null,"TertiaryAttribute":null,"Payload":{"MobileCompatible":true,"ID":"Survey Statistics"}},{"SurveyID":"SV_79yR5qcrBoQ01P7","Element":"QC","PrimaryAttribute":"Survey Question Count","SecondaryAttribute":"4","TertiaryAttribute":null,"Payload":null},{"SurveyID":"SV_79yR5qcrBoQ01P7","Element":"SQ","PrimaryAttribute":"QID3","SecondaryAttribute":"Check all of the following you'd consider eating","TertiaryAttribute":null,"Payload":{"QuestionText":"Check all of the following you'd consider eating","DataExportTag":"Q3","QuestionType":"MC","Selector":"MAVR","SubSelector":"TX","Configuration":{"QuestionDescriptionOption":"UseText"},"QuestionDescription":"Check all of the following you'd consider eating","Choices":{"1":{"Display":"Pizza"},"2":{"Display":"Hot dogs"},"3":{"Display":"Candy"},"4":{"Display":"Sushi"}},"ChoiceOrder":[1,2,3,4],"Validation":{"Settings":{"ForceResponse":"OFF","ForceResponseType":"ON","Type":"None"}},"Language":[],"QuestionID":"QID3"}},{"SurveyID":"SV_79yR5qcrBoQ01P7","Element":"SQ","PrimaryAttribute":"QID4","SecondaryAttribute":"Click to write the question text","TertiaryAttribute":null,"Payload":{"QuestionText":"Click to write the question text","DefaultChoices":false,"DataExportTag":"Q4","QuestionType":"MC","Selector":"DL","Configuration":{"QuestionDescriptionOption":"UseText"},"QuestionDescription":"Click to write the question text","Choices":{"1":{"Display":"Click to write Choice 1"},"2":{"Display":"Click to write Choice 2"},"3":{"Display":"Click to write Choice 3"}},"ChoiceOrder":["1","2","3"],"Validation":{"Settings":{"ForceResponse":"OFF","ForceResponseType":"ON","Type":"None"}},"GradingData":[],"Language":[],"QuestionID":"QID4"}},{"SurveyID":"SV_79yR5qcrBoQ01P7","Element":"RS","PrimaryAttribute":"RS_3IfOXsP6yWEZvkV","SecondaryAttribute":"Default Response Set","TertiaryAttribute":null,"Payload":null},{"SurveyID":"SV_79yR5qcrBoQ01P7","Element":"SQ","PrimaryAttribute":"QID2","SecondaryAttribute":"Rate each of the following foods in order of preference. ","TertiaryAttribute":null,"Payload":{"QuestionText":"Rate each of the following foods in order of preference.&nbsp;","DefaultChoices":false,"DataExportTag":"Q2","QuestionType":"Matrix","Selector":"Likert","SubSelector":"SingleAnswer","Configuration":{"QuestionDescriptionOption":"UseText","TextPosition":"inline","ChoiceColumnWidth":25,"RepeatHeaders":"none","WhiteSpace":"OFF","MobileFirst":true},"QuestionDescription":"Rate each of the following foods in order of preference. ","Choices":{"1":{"Display":"Pizza"},"2":{"Display":"Hot dogs"},"3":{"Display":"Candy"},"4":{"Display":"Sushi"}},"ChoiceOrder":[1,2,3,4],"Validation":{"Settings":{"ForceResponse":"OFF","ForceResponseType":"ON","Type":"None"}},"GradingData":[],"Language":[],"Answers":{"1":{"Display":"Dislike"},"2":{"Display":"Neutral"},"3":{"Display":"Enjoy"}},"AnswerOrder":["1","2","3"],"ChoiceDataExportTags":false,"QuestionID":"QID2"}},{"SurveyID":"SV_79yR5qcrBoQ01P7","Element":"SQ","PrimaryAttribute":"QID1","SecondaryAttribute":"What is your favorite food?","TertiaryAttribute":null,"Payload":{"QuestionText":"What is your favorite food?","DataExportTag":"Q1","QuestionType":"MC","Selector":"SAVR","SubSelector":"TX","Configuration":{"QuestionDescriptionOption":"UseText"},"QuestionDescription":"What is your favorite food?","Choices":{"1":{"Display":"Pizza"},"2":{"Display":"Hot dogs"},"3":{"Display":"Candy"},"4":{"Display":"Sushi"}},"ChoiceOrder":[1,2,3,4],"Validation":{"Settings":{"ForceResponse":"OFF","ForceResponseType":"ON","Type":"None"}},"Language":[],"QuestionID":"QID1"}}]}