{"SurveyEntry":{"SurveyID":"SV_1GoZ6756ZYvbMyh","SurveyName":"Weird Survey Testing","SurveyDescription":null,"SurveyOwnerID":"UR_8kzO7vEaBPWnAB7","SurveyBrandID":"tufts","DivisionID":null,"SurveyLanguage":"EN","SurveyActiveResponseSet":"RS_7U8rlZCdJsk8iZn","SurveyStatus":"Active","SurveyStartDate":"0000-00-00 00:00:00","SurveyExpirationDate":"0000-00-00 00:00:00","SurveyCreationDate":"2016-03-29 13:33:11","CreatorID":"UR_8kzO7vEaBPWnAB7","LastModified":"2016-03-29 14:38:54","LastAccessed":"0000-00-00 00:00:00","LastActivated":"2016-03-29 13:58:06","Deleted":null},"SurveyElements":[{"SurveyID":"SV_1GoZ6756ZYvbMyh","Element":"BL","PrimaryAttribute":"Survey Blocks","SecondaryAttribute":null,"TertiaryAttribute":null,"Payload":[{"Type":"Default","Description":"What's up with feelings, bruh?","ID":"BL_6YHy0Fb9BhTaZb7","BlockElements":[{"Type":"Question","QuestionID":"QID1"},{"Type":"Question","QuestionID":"QID3"},{"Type":"Question","QuestionID":"QID4","SkipLogic":[{"SkipLogicID":1,"ChoiceLocator":"q:\/\/QID4\/ChoiceTextEntryValue\/1","Condition":"Contains","SkipToDestination":"ENDOFBLOCK","Locator":"q:\/\/QID4\/ChoiceTextEntryValue\/1","SkipToDescription":"Tell us about how you feel ... <strong>Feeling 1<\/strong> Is <strong>Contains 1<\/strong>","Description":"If <strong title=\"Feeling 1\">Feeling 1<\/strong> Is <strong>Contains 1<\/strong>, Then Skip To <strong>End of Block<\/strong>","Value":"1","QuestionID":"QID4"}]},{"Type":"Question","QuestionID":"QID5"}]},{"Type":"Trash","Description":"Trash \/ Unused Questions","ID":"BL_dg9xek3JzWgAedD","BlockElements":[{"Type":"Question","QuestionID":"QID2"},{"Type":"Question","QuestionID":"QID6"}]},{"Type":"Standard","SubType":"","Description":"Here, have an empty block. Do with this what you may.","ID":"BL_3pJvuUR5tQEqMMl"},{"Type":"Standard","SubType":"","Description":"I want to be a lego brick when I grow out of my larval-block stage.","ID":"BL_3yBSfuCGLZjFaSx","BlockElements":[{"Type":"Question","QuestionID":"QID7"},{"Type":"Question","QuestionID":"QID8"}]},{"Type":"Standard","SubType":"","Description":"\ud83d\udc11 Sheep are chill, man","ID":"BL_40KFwTfx25lvCcJ","BlockElements":[{"Type":"Question","QuestionID":"QID9"},{"Type":"Question","QuestionID":"QID10"}]}]},{"SurveyID":"SV_1GoZ6756ZYvbMyh","Element":"FL","PrimaryAttribute":"Survey Flow","SecondaryAttribute":null,"TertiaryAttribute":null,"Payload":{"Flow":[{"ID":"BL_6YHy0Fb9BhTaZb7","Type":"Block","FlowID":"FL_2"},{"ID":"BL_3yBSfuCGLZjFaSx","Type":"Standard","FlowID":"FL_4"},{"ID":"BL_40KFwTfx25lvCcJ","Type":"Standard","FlowID":"FL_5"},{"ID":"BL_3pJvuUR5tQEqMMl","Type":"Standard","FlowID":"FL_3"}],"Properties":{"Count":5},"FlowID":"FL_1","Type":"Root"}},{"SurveyID":"SV_1GoZ6756ZYvbMyh","Element":"SO","PrimaryAttribute":"Survey Options","SecondaryAttribute":null,"TertiaryAttribute":null,"Payload":{"BackButton":"false","SaveAndContinue":"true","SurveyProtection":"PublicSurvey","BallotBoxStuffingPrevention":"false","NoIndex":"Yes","SurveyExpiration":"None","SurveyTermination":"DefaultMessage","Header":"","Footer":"","ProgressBarDisplay":"None","PartialData":"+1 week","ValidationMessage":"","PreviousButton":"  <<  ","NextButton":"  >>  ","SkinLibrary":"tufts","SkinType":"MQ","Skin":"tufts1","NewScoring":1}},{"SurveyID":"SV_1GoZ6756ZYvbMyh","Element":"SCO","PrimaryAttribute":"Scoring","SecondaryAttribute":null,"TertiaryAttribute":null,"Payload":{"ScoringCategories":[],"ScoringCategoryGroups":[],"ScoringSummaryCategory":null,"ScoringSummaryAfterQuestions":0,"ScoringSummaryAfterSurvey":0,"DefaultScoringCategory":null,"AutoScoringCategory":null}},{"SurveyID":"SV_1GoZ6756ZYvbMyh","Element":"STAT","PrimaryAttribute":"Survey Statistics","SecondaryAttribute":null,"TertiaryAttribute":null,"Payload":{"MobileCompatible":true,"ID":"Survey Statistics"}},{"SurveyID":"SV_1GoZ6756ZYvbMyh","Element":"QC","PrimaryAttribute":"Survey Question Count","SecondaryAttribute":"10","TertiaryAttribute":null,"Payload":null},{"SurveyID":"SV_1GoZ6756ZYvbMyh","Element":"SQ","PrimaryAttribute":"QID2","SecondaryAttribute":"Click to write the question text","TertiaryAttribute":null,"Payload":{"QuestionText":"Click to write the question text","DataExportTag":"Q2","QuestionType":"MC","Selector":"SAVR","SubSelector":"TX","Configuration":{"QuestionDescriptionOption":"UseText"},"QuestionDescription":"Click to write the question text","Choices":{"1":{"Display":"Click to write Choice 1"},"2":{"Display":"Click to write Choice 2"},"3":{"Display":"Click to write Choice 3"}},"ChoiceOrder":["1","2","3"],"Validation":{"Settings":{"ForceResponse":"OFF","ForceResponseType":"ON","Type":"None"}},"Language":[],"QuestionID":"QID2"}},{"SurveyID":"SV_1GoZ6756ZYvbMyh","Element":"SQ","PrimaryAttribute":"QID6","SecondaryAttribute":"Click to write the question text","TertiaryAttribute":null,"Payload":{"QuestionText":"Click to write the question text","DefaultChoices":false,"DataExportTag":"Q6","QuestionType":"Matrix","Selector":"TE","SubSelector":"Short","Configuration":{"QuestionDescriptionOption":"UseText","TextPosition":"inline","ChoiceColumnWidth":25,"RepeatHeaders":"none","MobileFirst":true},"QuestionDescription":"Click to write the question text","Choices":{"1":{"Display":"Click to write Statement 1"},"2":{"Display":"Click to write Statement 2"},"3":{"Display":"Click to write Statement 3"}},"ChoiceOrder":["1","2","3"],"Validation":{"Settings":{"ForceResponse":"OFF","ForceResponseType":"ON","Type":"None"}},"GradingData":[],"Language":[],"Answers":{"1":{"Display":"Click to write Scale point 1"},"2":{"Display":"Click to write Scale point 2"},"3":{"Display":"Click to write Scale point 3"}},"AnswerOrder":["1","2","3"],"ChoiceDataExportTags":false,"QuestionID":"QID6"}},{"SurveyID":"SV_1GoZ6756ZYvbMyh","Element":"RS","PrimaryAttribute":"RS_7U8rlZCdJsk8iZn","SecondaryAttribute":"Default Response Set","TertiaryAttribute":null,"Payload":null},{"SurveyID":"SV_1GoZ6756ZYvbMyh","Element":"SQ","PrimaryAttribute":"QID8","SecondaryAttribute":"Descriptive text boxes are people too!\u00a0 \ud83c\udf79\ud83c\udf77","TertiaryAttribute":null,"Payload":{"QuestionText":"<span style=\"font-size:26px;\"><span style=\"font-family:courier new,courier,monospace;\">Descriptive text boxes are people too!&nbsp;<\/span><\/span><div><span style=\"font-size: 26px;\">\ud83c\udf79<\/span><span style=\"font-size: 26px;\">\ud83c\udf77<\/span><\/div>","DefaultChoices":false,"DataExportTag":"Q8","QuestionType":"DB","Selector":"TB","Configuration":{"QuestionDescriptionOption":"UseText"},"QuestionDescription":"Descriptive text boxes are people too!\u00a0 \ud83c\udf79\ud83c\udf77","ChoiceOrder":[],"Validation":{"Settings":{"Type":"None"}},"GradingData":[],"Language":[],"QuestionID":"QID8"}},{"SurveyID":"SV_1GoZ6756ZYvbMyh","Element":"SQ","PrimaryAttribute":"QID5","SecondaryAttribute":"How does the size of this ugly matrix question make you feel?","TertiaryAttribute":null,"Payload":{"QuestionText":"How does the size of this ugly matrix question make you feel?","DefaultChoices":false,"DataExportTag":"Q5","QuestionType":"Matrix","Selector":"Likert","SubSelector":"SingleAnswer","Configuration":{"QuestionDescriptionOption":"UseText","TextPosition":"inline","ChoiceColumnWidth":25,"RepeatHeaders":"none","WhiteSpace":"OFF","MobileFirst":true},"QuestionDescription":"How does the size of this ugly matrix question make you feel?","Choices":{"1":{"Display":"Awful"},"2":{"Display":"Happy to be alive"},"3":{"Display":"Somewhere in between awful and happy to be alive"}},"ChoiceOrder":["1","2","3"],"Validation":{"Settings":{"ForceResponse":"OFF","ForceResponseType":"ON","Type":"None"}},"GradingData":[],"Language":[],"Answers":{"1":{"Display":"Totally not at all, like what are you talking about?"},"2":{"Display":"I mean, I guess? I don't know, I don't think I can relate to the question very well."},"3":{"Display":"What're you talking about?"},"4":{"Display":"Kinda?"},"5":{"Display":"I feel that, like only a little though"},"6":{"Display":"Why are there so many options to this question?"},"7":{"Display":"Because it's a made up survey, bruh"},"8":{"Display":"Do you even survey?"},"9":{"Display":"Who knows what's going on anymore"},"10":{"Display":"10 columns? yeahhhh, that's what i'm talkin' about, mannnnnn"}},"AnswerOrder":[1,2,3,4,5,6,7,8,9,10],"ChoiceDataExportTags":false,"QuestionID":"QID5","DisplayLogic":{"0":{"0":{"LogicType":"Question","QuestionID":"QID1","QuestionIsInLoop":"no","ChoiceLocator":"q:\/\/QID1\/SelectableChoice\/19","Operator":"Displayed","QuestionIDFromLocator":"QID1","LeftOperand":"q:\/\/QID1\/ChoiceDisplayed\/19","Type":"Expression","Description":"<span class=\"ConjDesc\">If<\/span> <span class=\"QuestionDesc\">Indicate how you feel today<\/span> <span class=\"LeftOpDesc\">Surprised<\/span> Is <span class=\"OpDesc\">Displayed<\/span> "},"Type":"If"},"Type":"BooleanExpression","inPage":false}}},{"SurveyID":"SV_1GoZ6756ZYvbMyh","Element":"SQ","PrimaryAttribute":"QID1","SecondaryAttribute":"Indicate how you feel today","TertiaryAttribute":null,"Payload":{"QuestionText":"Indicate how you feel today","DataExportTag":"Q1","QuestionType":"MC","Selector":"SAVR","SubSelector":"TX","Configuration":{"QuestionDescriptionOption":"UseText"},"QuestionDescription":"Indicate how you feel today","Choices":{"1":{"Display":"Aggressive"},"2":{"Display":"Anxious","DisplayLogic":{"0":{"0":{"LogicType":"Question","QuestionID":"QID1","QuestionIsInLoop":"no","ChoiceLocator":"q:\/\/QID1\/SelectableChoice\/1","Operator":"Selected","QuestionIDFromLocator":"QID1","LeftOperand":"q:\/\/QID1\/SelectableChoice\/1","Type":"Expression","Description":"<span class=\"ConjDesc\">If<\/span> <span class=\"QuestionDesc\">Indicate how you feel today<\/span> <span class=\"LeftOpDesc\">Aggressive<\/span> Is <span class=\"OpDesc\">Selected<\/span> "},"Type":"If"},"Type":"BooleanExpression","inPage":false}},"3":{"Display":"Apologetic"},"4":{"Display":"Arrogant"},"5":{"Display":"Bashful"},"6":{"Display":"Blissful"},"7":{"Display":"Bored"},"8":{"Display":"Cautious"},"9":{"Display":"Cold"},"10":{"Display":"Confident"},"11":{"Display":"Curious"},"12":{"Display":"Determined"},"13":{"Display":"Disappointed"},"14":{"Display":"Disgusted"},"15":{"Display":"Hungover af"},"16":{"Display":"Happy"},"17":{"Display":"Optimistic"},"18":{"Display":"Sad"},"19":{"Display":"Surprised"},"20":{"Display":"Suspicious"},"21":{"Display":"Sympathetic"},"22":{"Display":"Thoughtful"},"23":{"Display":"Withdrawn"},"24":{"Display":"Other","TextEntry":"true"}},"ChoiceOrder":[1,2,3,4,5,6,7,8,9,10,11,12,13,14,15,16,17,18,19,20,21,22,23,24],"Validation":{"Settings":{"ForceResponse":"OFF","ForceResponseType":"ON","Type":"None"}},"Language":[],"QuestionID":"QID1"}},{"SurveyID":"SV_1GoZ6756ZYvbMyh","Element":"SQ","PrimaryAttribute":"QID3","SecondaryAttribute":"Indicate to what extent you identify with the following feelings today:","TertiaryAttribute":null,"Payload":{"QuestionText":"Indicate to what extent you identify with the following feelings today:","DefaultChoices":false,"DataExportTag":"Q3","QuestionType":"Matrix","Selector":"Likert","SubSelector":"SingleAnswer","Configuration":{"QuestionDescriptionOption":"UseText","TextPosition":"inline","ChoiceColumnWidth":25,"RepeatHeaders":"none","WhiteSpace":"OFF","MobileFirst":true},"QuestionDescription":"Indicate to what extent you identify with the following feelings today:","Choices":{"1":{"Display":"Aggressive"},"2":{"Display":"Agonized"},"3":{"Display":"Anxious"},"4":{"Display":"Arrogant"},"5":{"Display":"Bored"},"6":{"Display":"Interested"},"7":{"Display":"Shocked"},"8":{"Display":"Smug"},"9":{"Display":"Miserable"},"10":{"Display":"Regretful"},"11":{"Display":"Relieved"},"12":{"Display":"Paranoid"},"13":{"Display":"Perplexed"},"14":{"Display":"Sheepish"}},"ChoiceOrder":[1,2,3,4,5,6,7,8,9,10,11,12,13,14],"Validation":{"Settings":{"ForceResponse":"OFF","ForceResponseType":"ON","Type":"None"}},"GradingData":[],"Language":[],"Answers":{"1":{"Display":"Not at all"},"2":{"Display":"Somewhat"},"3":{"Display":"Strongly"}},"AnswerOrder":["1","2","3"],"ChoiceDataExportTags":false,"QuestionID":"QID3"}},{"SurveyID":"SV_1GoZ6756ZYvbMyh","Element":"SQ","PrimaryAttribute":"QID9","SecondaryAttribute":"Rank the following things, man","TertiaryAttribute":null,"Payload":{"QuestionText":"Rank the following things, man","DefaultChoices":false,"DataExportTag":"Q9","QuestionID":"QID9","QuestionType":"RO","Selector":"DND","SubSelector":"TX","Configuration":{"QuestionDescriptionOption":"UseText"},"QuestionDescription":"Rank the following things, man","Choices":{"1":{"Display":"thing1"},"2":{"Display":"thing2"},"3":{"Display":"thing3"}},"ChoiceOrder":["1","2","3"],"Validation":{"Settings":{"ForceResponse":"OFF","Type":"None"}},"GradingData":[],"Language":[]}},{"SurveyID":"SV_1GoZ6756ZYvbMyh","Element":"SQ","PrimaryAttribute":"QID4","SecondaryAttribute":"Tell us about how you feel using three random words, bruh:","TertiaryAttribute":null,"Payload":{"QuestionText":"Tell us about how you feel using three random words, bruh:","DefaultChoices":false,"DataExportTag":"Q4","QuestionType":"TE","Selector":"FORM","Configuration":{"QuestionDescriptionOption":"UseText"},"QuestionDescription":"Tell us about how you feel using three random words, bruh:","Choices":{"1":{"Display":"Feeling 1"},"2":{"Display":"Feeling 2"},"3":{"Display":"Feeling 3"}},"ChoiceOrder":["1","2","3"],"Validation":{"Settings":{"ForceResponse":"OFF","ForceResponseType":"ON","Type":null}},"GradingData":[],"Language":[],"QuestionID":"QID4"}},{"SurveyID":"SV_1GoZ6756ZYvbMyh","Element":"SQ","PrimaryAttribute":"QID10","SecondaryAttribute":"This is a bipolar matrix to test with!","TertiaryAttribute":null,"Payload":{"QuestionText":"This is a bipolar matrix to test with!","DefaultChoices":false,"DataExportTag":"Q10","QuestionType":"Matrix","Selector":"Bipolar","Configuration":{"QuestionDescriptionOption":"UseText","TextPosition":"inline","ChoiceColumnWidth":25,"MobileFirst":true},"QuestionDescription":"This is a bipolar matrix to test with!","Choices":{"1":{"Display":"Click to write Statement 1:Boop"},"2":{"Display":"bo:meh"},"3":{"Display":"gra:ahhhh"},"4":{"Display":"who knows:woooooo"}},"ChoiceOrder":[1,2,3,4],"Validation":{"Settings":{"ForceResponse":"OFF","ForceResponseType":"ON","Type":"None"}},"GradingData":[],"Language":[],"Answers":{"1":{"Display":"1"},"2":{"Display":"2"},"3":{"Display":"3"}},"AnswerOrder":["1","2","3"],"AnswerColumns":3,"ChoiceDataExportTags":false,"QuestionID":"QID10"}},{"SurveyID":"SV_1GoZ6756ZYvbMyh","Element":"SQ","PrimaryAttribute":"QID7","SecondaryAttribute":"What do you think about legos? ","TertiaryAttribute":null,"Payload":{"QuestionText":"What do you think about legos?&nbsp;","DefaultChoices":false,"DataExportTag":"Q7","QuestionType":"TE","Selector":"ESTB","Configuration":{"QuestionDescriptionOption":"UseText","InputWidth":680},"QuestionDescription":"What do you think about legos? ","Validation":{"Settings":{"ForceResponse":"OFF","ForceResponseType":"ON","Type":"None"}},"GradingData":[],"Language":[],"QuestionID":"QID7"}}]}